
Microsoft Visual Studio Solution File, Format Version 12.00
# Visual Studio 2012
Project("{E24C65DC-7377-472B-9ABA-BC803B73C61A}") = "CMPE2500KurtisBridgemanICA08", ".", "{AED6F7F7-92BB-431A-AC7D-FF2913ED0F4B}"
	ProjectSection(WebsiteProperties) = preProject
		TargetFrameworkMoniker = ".NETFramework,Version%3Dv4.5"
		Debug.AspNetCompiler.VirtualPath = "/CMPE2500KurtisBridgemanICA08"
		Debug.AspNetCompiler.PhysicalPath = "..\CMPE2500KurtisBridgemanICA08\"
		Debug.AspNetCompiler.TargetPath = "PrecompiledWeb\CMPE2500KurtisBridgemanICA08\"
		Debug.AspNetCompiler.Updateable = "true"
		Debug.AspNetCompiler.ForceOverwrite = "true"
		Debug.AspNetCompiler.FixedNames = "false"
		Debug.AspNetCompiler.Debug = "True"
		Release.AspNetCompiler.VirtualPath = "/CMPE2500KurtisBridgemanICA08"
		Release.AspNetCompiler.PhysicalPath = "..\CMPE2500KurtisBridgemanICA08\"
		Release.AspNetCompiler.TargetPath = "PrecompiledWeb\CMPE2500KurtisBridgemanICA08\"
		Release.AspNetCompiler.Updateable = "true"
		Release.AspNetCompiler.ForceOverwrite = "true"
		Release.AspNetCompiler.FixedNames = "false"
		Release.AspNetCompiler.Debug = "False"
		VWDPort = "9164"
	EndProjectSection
EndProject
Global
	GlobalSection(SolutionConfigurationPlatforms) = preSolution
		Debug|Any CPU = Debug|Any CPU
	EndGlobalSection
	GlobalSection(ProjectConfigurationPlatforms) = postSolution
		{AED6F7F7-92BB-431A-AC7D-FF2913ED0F4B}.Debug|Any CPU.ActiveCfg = Debug|Any CPU
		{AED6F7F7-92BB-431A-AC7D-FF2913ED0F4B}.Debug|Any CPU.Build.0 = Debug|Any CPU
	EndGlobalSection
	GlobalSection(SolutionProperties) = preSolution
		HideSolutionNode = FALSE
	EndGlobalSection
EndGlobal
