
Microsoft Visual Studio Solution File, Format Version 12.00
# Visual Studio 2013
VisualStudioVersion = 12.0.30626.0
MinimumVisualStudioVersion = 10.0.40219.1
Project("{FAE04EC0-301F-11D3-BF4B-00C04F79EFBC}") = "CMPE2300KurtisBridgemanICA15", "CMPE2300KurtisBridgemanICA15\CMPE2300KurtisBridgemanICA15.csproj", "{C73ED84F-8AB5-46FA-8CF8-CBD48DE0FEDA}"
EndProject
Global
	GlobalSection(SolutionConfigurationPlatforms) = preSolution
		Debug|Any CPU = Debug|Any CPU
		Release|Any CPU = Release|Any CPU
	EndGlobalSection
	GlobalSection(ProjectConfigurationPlatforms) = postSolution
		{C73ED84F-8AB5-46FA-8CF8-CBD48DE0FEDA}.Debug|Any CPU.ActiveCfg = Debug|Any CPU
		{C73ED84F-8AB5-46FA-8CF8-CBD48DE0FEDA}.Debug|Any CPU.Build.0 = Debug|Any CPU
		{C73ED84F-8AB5-46FA-8CF8-CBD48DE0FEDA}.Release|Any CPU.ActiveCfg = Release|Any CPU
		{C73ED84F-8AB5-46FA-8CF8-CBD48DE0FEDA}.Release|Any CPU.Build.0 = Release|Any CPU
	EndGlobalSection
	GlobalSection(SolutionProperties) = preSolution
		HideSolutionNode = FALSE
	EndGlobalSection
EndGlobal
