
Microsoft Visual Studio Solution File, Format Version 12.00
# Visual Studio 2013
VisualStudioVersion = 12.0.31101.0
MinimumVisualStudioVersion = 10.0.40219.1
Project("{E24C65DC-7377-472B-9ABA-BC803B73C61A}") = "CMPE2500KurtisBridgemanICA10", "http://localhost:51042", "{EF37E2CD-88FB-490D-BB82-791CEB196812}"
	ProjectSection(WebsiteProperties) = preProject
		UseIISExpress = "true"
		TargetFrameworkMoniker = ".NETFramework,Version%3Dv4.5"
		Debug.AspNetCompiler.VirtualPath = "/localhost_51042"
		Debug.AspNetCompiler.PhysicalPath = "..\CMPE2500KurtisBridgemanICA10\"
		Debug.AspNetCompiler.TargetPath = "PrecompiledWeb\localhost_51042\"
		Debug.AspNetCompiler.Updateable = "true"
		Debug.AspNetCompiler.ForceOverwrite = "true"
		Debug.AspNetCompiler.FixedNames = "false"
		Debug.AspNetCompiler.Debug = "True"
		Release.AspNetCompiler.VirtualPath = "/localhost_51042"
		Release.AspNetCompiler.PhysicalPath = "..\CMPE2500KurtisBridgemanICA10\"
		Release.AspNetCompiler.TargetPath = "PrecompiledWeb\localhost_51042\"
		Release.AspNetCompiler.Updateable = "true"
		Release.AspNetCompiler.ForceOverwrite = "true"
		Release.AspNetCompiler.FixedNames = "false"
		Release.AspNetCompiler.Debug = "False"
		SlnRelativePath = "..\CMPE2500KurtisBridgemanICA10\"
	EndProjectSection
EndProject
Global
	GlobalSection(SolutionConfigurationPlatforms) = preSolution
		Debug|Any CPU = Debug|Any CPU
	EndGlobalSection
	GlobalSection(ProjectConfigurationPlatforms) = postSolution
		{EF37E2CD-88FB-490D-BB82-791CEB196812}.Debug|Any CPU.ActiveCfg = Debug|Any CPU
		{EF37E2CD-88FB-490D-BB82-791CEB196812}.Debug|Any CPU.Build.0 = Debug|Any CPU
	EndGlobalSection
	GlobalSection(SolutionProperties) = preSolution
		HideSolutionNode = FALSE
	EndGlobalSection
EndGlobal
